{
  "nodes": {
    "advisory-db": {
      "flake": false,
      "locked": {
        "lastModified": 1767016174,
        "narHash": "sha256-/uqlY+aGlb+VsHliRRJVCQkn5cSXRmTzwWwwszOA0Ec=",
        "owner": "rustsec",
        "repo": "advisory-db",
        "rev": "63bd4ad0ee27041c6ab13c897aee707bf838ebe9",
        "type": "github"
      },
      "original": {
        "owner": "rustsec",
        "repo": "advisory-db",
        "type": "github"
      }
    },
    "advisory-db_2": {
      "flake": false,
      "locked": {
        "lastModified": 1767558865,
        "narHash": "sha256-thysk7Xxg01ssmEnhukGjZoPhOe4fxusEt4zjgQB0fE=",
        "owner": "rustsec",
        "repo": "advisory-db",
        "rev": "c7f8c39b7bae0c89f8a98926842bac073400307b",
        "type": "github"
      },
      "original": {
        "owner": "rustsec",
        "repo": "advisory-db",
        "type": "github"
      }
    },
    "advisory-db_3": {
      "flake": false,
      "locked": {
        "lastModified": 1769147429,
        "narHash": "sha256-EI04vtsDqLdSFVGGmYht0wh1QDoFRvKeOh7CUm/a2cY=",
        "owner": "rustsec",
        "repo": "advisory-db",
        "rev": "2a699493588fe2e3c0f6bdac7e14a5cc3701b8a8",
        "type": "github"
      },
      "original": {
        "owner": "rustsec",
        "repo": "advisory-db",
        "type": "github"
      }
    },
    "beancounting": {
      "inputs": {
        "flake-parts": [
          "flake-parts"
        ],
        "ml-pkgs": "ml-pkgs",
        "nixpkgs": [
          "nixpkgs"
        ]
      },
      "locked": {
        "lastModified": 1745703555,
        "narHash": "sha256-2ylm0GyBuOi1Jk7DSqdS87bc+BhtyCweWvephRs3Qus=",
        "ref": "refs/heads/main",
        "rev": "28723b68447c7fb5ad2f10fd0ae69dc980de93cb",
        "revCount": 286,
        "type": "git",
        "url": "ssh://git@github.com/breakds/beancounting"
      },
      "original": {
        "type": "git",
        "url": "ssh://git@github.com/breakds/beancounting"
      }
    },
    "crane": {
      "locked": {
        "lastModified": 1769737823,
        "narHash": "sha256-DrBaNpZ+sJ4stXm+0nBX7zqZT9t9P22zbk6m5YhQxS4=",
        "owner": "ipetkov",
        "repo": "crane",
        "rev": "b2f45c3830aa96b7456a4c4bc327d04d7a43e1ba",
        "type": "github"
      },
      "original": {
        "owner": "ipetkov",
        "repo": "crane",
        "type": "github"
      }
    },
    "crane_2": {
      "locked": {
        "lastModified": 1767319442,
        "narHash": "sha256-TXsJUc+nZflFGWLopUxHwdlxYY+ucxbF5IAPLEX5tc4=",
        "owner": "ipetkov",
        "repo": "crane",
        "rev": "607c91ce75d63ea52731933c5396649b9d08284c",
        "type": "github"
      },
      "original": {
        "owner": "ipetkov",
        "repo": "crane",
        "type": "github"
      }
    },
    "crane_3": {
      "locked": {
        "lastModified": 1767461147,
        "narHash": "sha256-TH/xTeq/RI+DOzo+c+4F431eVuBpYVwQwBxzURe7kcI=",
        "owner": "ipetkov",
        "repo": "crane",
        "rev": "7d59256814085fd9666a2ae3e774dc5ee216b630",
        "type": "github"
      },
      "original": {
        "owner": "ipetkov",
        "repo": "crane",
        "type": "github"
      }
    },
    "crane_4": {
      "locked": {
        "lastModified": 1768873933,
        "narHash": "sha256-CfyzdaeLNGkyAHp3kT5vjvXhA1pVVK7nyDziYxCPsNk=",
        "owner": "ipetkov",
        "repo": "crane",
        "rev": "0bda7e7d005ccb5522a76d11ccfbf562b71953ca",
        "type": "github"
      },
      "original": {
        "owner": "ipetkov",
        "repo": "crane",
        "type": "github"
      }
    },
    "flake-compat": {
      "flake": false,
      "locked": {
        "lastModified": 1767039857,
        "narHash": "sha256-vNpUSpF5Nuw8xvDLj2KCwwksIbjua2LZCqhV1LNRDns=",
        "owner": "NixOS",
        "repo": "flake-compat",
        "rev": "5edf11c44bc78a0d334f6334cdaf7d60d732daab",
        "type": "github"
      },
      "original": {
        "owner": "NixOS",
        "repo": "flake-compat",
        "type": "github"
      }
    },
    "flake-parts": {
      "inputs": {
        "nixpkgs-lib": [
          "nixpkgs"
        ]
      },
      "locked": {
        "lastModified": 1730504689,
        "narHash": "sha256-hgmguH29K2fvs9szpq2r3pz2/8cJd2LPS+b4tfNFCwE=",
        "owner": "hercules-ci",
        "repo": "flake-parts",
        "rev": "506278e768c2a08bec68eb62932193e341f55c90",
        "type": "github"
      },
      "original": {
        "owner": "hercules-ci",
        "repo": "flake-parts",
        "type": "github"
      }
    },
    "flake-parts_2": {
      "inputs": {
        "nixpkgs-lib": [
          "game-solutions",
          "ml-pkgs",
          "nixpkgs"
        ]
      },
      "locked": {
        "lastModified": 1730504689,
        "narHash": "sha256-hgmguH29K2fvs9szpq2r3pz2/8cJd2LPS+b4tfNFCwE=",
        "owner": "hercules-ci",
        "repo": "flake-parts",
        "rev": "506278e768c2a08bec68eb62932193e341f55c90",
        "type": "github"
      },
      "original": {
        "owner": "hercules-ci",
        "repo": "flake-parts",
        "type": "github"
      }
    },
    "flake-parts_3": {
      "inputs": {
        "nixpkgs-lib": [
          "ml-pkgs",
          "nixpkgs"
        ]
      },
      "locked": {
        "lastModified": 1730504689,
        "narHash": "sha256-hgmguH29K2fvs9szpq2r3pz2/8cJd2LPS+b4tfNFCwE=",
        "owner": "hercules-ci",
        "repo": "flake-parts",
        "rev": "506278e768c2a08bec68eb62932193e341f55c90",
        "type": "github"
      },
      "original": {
        "owner": "hercules-ci",
        "repo": "flake-parts",
        "type": "github"
      }
    },
    "flake-parts_4": {
      "inputs": {
        "nixpkgs-lib": [
          "muxwarden",
          "nixpkgs"
        ]
      },
      "locked": {
        "lastModified": 1765835352,
        "narHash": "sha256-XswHlK/Qtjasvhd1nOa1e8MgZ8GS//jBoTqWtrS1Giw=",
        "owner": "hercules-ci",
        "repo": "flake-parts",
        "rev": "a34fae9c08a15ad73f295041fec82323541400a9",
        "type": "github"
      },
      "original": {
        "owner": "hercules-ci",
        "repo": "flake-parts",
        "type": "github"
      }
    },
    "flake-parts_5": {
      "inputs": {
        "nixpkgs-lib": [
          "stt-server",
          "nixpkgs"
        ]
      },
      "locked": {
        "lastModified": 1765835352,
        "narHash": "sha256-XswHlK/Qtjasvhd1nOa1e8MgZ8GS//jBoTqWtrS1Giw=",
        "owner": "hercules-ci",
        "repo": "flake-parts",
        "rev": "a34fae9c08a15ad73f295041fec82323541400a9",
        "type": "github"
      },
      "original": {
        "owner": "hercules-ci",
        "repo": "flake-parts",
        "type": "github"
      }
    },
    "flake-parts_6": {
      "inputs": {
        "nixpkgs-lib": [
          "toylet-notes",
          "reading-desk",
          "nixpkgs"
        ]
      },
      "locked": {
        "lastModified": 1768135262,
        "narHash": "sha256-PVvu7OqHBGWN16zSi6tEmPwwHQ4rLPU9Plvs8/1TUBY=",
        "owner": "hercules-ci",
        "repo": "flake-parts",
        "rev": "80daad04eddbbf5a4d883996a73f3f542fa437ac",
        "type": "github"
      },
      "original": {
        "owner": "hercules-ci",
        "repo": "flake-parts",
        "type": "github"
      }
    },
    "flake-utils": {
      "locked": {
        "lastModified": 1659877975,
        "narHash": "sha256-zllb8aq3YO3h8B/U0/J1WBgAL8EX5yWf5pMj3G0NAmc=",
        "owner": "numtide",
        "repo": "flake-utils",
        "rev": "c0e246b9b83f637f4681389ecabcb2681b4f3af0",
        "type": "github"
      },
      "original": {
        "owner": "numtide",
        "repo": "flake-utils",
        "type": "github"
      }
    },
    "game-solutions": {
      "inputs": {
        "ml-pkgs": "ml-pkgs_2",
        "nixpkgs": [
          "nixpkgs"
        ],
        "utils": "utils"
      },
      "locked": {
        "lastModified": 1726415546,
        "narHash": "sha256-lKC6eOhtZxQfAChhz5dxPc8p0NKWpHhAdOhwi83/htE=",
        "ref": "refs/heads/main",
        "rev": "6d470c525fc020b09e86615f0e504f591bad70af",
        "revCount": 83,
        "type": "git",
        "url": "ssh://git@github.com/breakds/game-solutions"
      },
      "original": {
        "type": "git",
        "url": "ssh://git@github.com/breakds/game-solutions"
      }
    },
    "gitignore": {
      "inputs": {
        "nixpkgs": [
          "lanzaboote",
          "pre-commit",
          "nixpkgs"
        ]
      },
      "locked": {
        "lastModified": 1709087332,
        "narHash": "sha256-HG2cCnktfHsKV0s4XW83gU3F57gaTljL9KNSuG6bnQs=",
        "owner": "hercules-ci",
        "repo": "gitignore.nix",
        "rev": "637db329424fd7e46cf4185293b9cc8c88c95394",
        "type": "github"
      },
      "original": {
        "owner": "hercules-ci",
        "repo": "gitignore.nix",
        "type": "github"
      }
    },
    "home-manager": {
      "inputs": {
        "nixpkgs": [
          "nixpkgs"
        ]
      },
      "locked": {
        "lastModified": 1764533908,
        "narHash": "sha256-VctwqiLKYh8ciw3ePh4vSlP8SFX7cPrhI0uSWhBNQFA=",
        "owner": "nix-community",
        "repo": "home-manager",
        "rev": "ba2259d7d51563bbcba2ff2d4d09633e47976da7",
        "type": "github"
      },
      "original": {
        "owner": "nix-community",
        "ref": "release-25.11",
        "repo": "home-manager",
        "type": "github"
      }
    },
    "interm": {
      "inputs": {
        "nixpkgs": [
          "nixpkgs"
        ],
        "utils": "utils_2"
      },
      "locked": {
        "lastModified": 1700441345,
        "narHash": "sha256-HT0Qpmy5NzwoUbHo4hQrAJ4wSFoHTaLT90OQRebQH88=",
        "ref": "refs/heads/main",
        "rev": "c579f373f7677702dc3255617c09b7ddad8ed98b",
        "revCount": 17,
        "type": "git",
        "url": "ssh://git@github.com/breakds/interm"
      },
      "original": {
        "type": "git",
        "url": "ssh://git@github.com/breakds/interm"
      }
    },
    "lanzaboote": {
      "inputs": {
        "crane": "crane",
        "nixpkgs": [
          "nixpkgs"
        ],
        "pre-commit": "pre-commit",
        "rust-overlay": "rust-overlay"
      },
      "locked": {
        "lastModified": 1770064250,
        "narHash": "sha256-3HB6gfnKZnwDoH77lnJktJtQWEZ+D35Oi53pNF6YwO4=",
        "owner": "nix-community",
        "repo": "lanzaboote",
        "rev": "9985b98c74dcc7b1c7ccfe8693daf37caa4ed2ea",
        "type": "github"
      },
      "original": {
        "owner": "nix-community",
        "repo": "lanzaboote",
        "type": "github"
      }
    },
    "ml-pkgs": {
      "inputs": {
        "flake-parts": [
          "beancounting",
          "flake-parts"
        ],
        "nixpkgs": [
          "beancounting",
          "nixpkgs"
        ],
        "nixpkgs-unstable": "nixpkgs-unstable"
      },
      "locked": {
        "lastModified": 1752590169,
        "narHash": "sha256-IFn6DjQ3UefGsBB72KxImGQM8KU8cIA+KSssnFfdIXg=",
        "owner": "nixvital",
        "repo": "ml-pkgs",
        "rev": "7b4057e69f8920a663d1ec6ffe2eaeb23442d4d0",
        "type": "github"
      },
      "original": {
        "owner": "nixvital",
        "ref": "archive/24.11",
        "repo": "ml-pkgs",
        "type": "github"
      }
    },
    "ml-pkgs_2": {
      "inputs": {
        "flake-parts": "flake-parts_2",
        "nixpkgs": [
          "game-solutions",
          "nixpkgs"
        ]
      },
      "locked": {
        "lastModified": 1754953512,
        "narHash": "sha256-zxq4SQQg+6IHkf+W39Yb4dhd/DH7kRQUNN12L5toTBA=",
        "owner": "nixvital",
        "repo": "ml-pkgs",
        "rev": "647c65ff10fdadd8ab262498f3ad017b22aac0b1",
        "type": "github"
      },
      "original": {
        "owner": "nixvital",
        "repo": "ml-pkgs",
        "type": "github"
      }
    },
    "ml-pkgs_3": {
      "inputs": {
        "flake-parts": "flake-parts_3",
        "nixpkgs": [
          "nixpkgs-unstable"
        ]
      },
      "locked": {
        "lastModified": 1771818313,
        "narHash": "sha256-EX2iN72RjjHSSAYYY8saQtZretrnC2D23zGFAagf5a4=",
        "owner": "nixvital",
        "repo": "ml-pkgs",
        "rev": "ffbb130320b56c0e90d67b2ec40accfcfcef01af",
        "type": "github"
      },
      "original": {
        "owner": "nixvital",
        "repo": "ml-pkgs",
        "type": "github"
      }
    },
    "muxwarden": {
      "inputs": {
        "advisory-db": "advisory-db",
        "crane": "crane_2",
        "flake-parts": "flake-parts_4",
        "nixpkgs": [
          "nixpkgs-unstable"
        ]
      },
      "locked": {
        "lastModified": 1767399104,
        "narHash": "sha256-cEDvFacTX0ontrr+PqZurxQuNMTmNlZ+oSX2WBdXKJ4=",
        "owner": "breakds",
        "repo": "muxwarden",
        "rev": "8891ed13d8d9ca7a0893dd33ff61e45ad235d2d9",
        "type": "github"
      },
      "original": {
        "owner": "breakds",
        "repo": "muxwarden",
        "type": "github"
      }
    },
    "nixos-hardware": {
      "locked": {
        "lastModified": 1764440730,
        "narHash": "sha256-ZlJTNLUKQRANlLDomuRWLBCH5792x+6XUJ4YdFRjtO4=",
        "owner": "NixOS",
        "repo": "nixos-hardware",
        "rev": "9154f4569b6cdfd3c595851a6ba51bfaa472d9f3",
        "type": "github"
      },
      "original": {
        "owner": "NixOS",
        "ref": "master",
        "repo": "nixos-hardware",
        "type": "github"
      }
    },
    "nixos-home": {
      "inputs": {
        "home-manager": [
          "home-manager"
        ],
        "nixpkgs": [
          "nixpkgs"
        ]
      },
      "locked": {
        "lastModified": 1771539027,
        "narHash": "sha256-vQ7gDiLWd4uQEFbubfxkcgNYiDZQtWbd7tafEN1C3mQ=",
        "owner": "breakds",
        "repo": "nixos-home",
        "rev": "4742e153590caf831601ffa9c42101fcb396a9a0",
        "type": "github"
      },
      "original": {
        "owner": "breakds",
        "repo": "nixos-home",
        "type": "github"
      }
    },
    "nixpkgs": {
      "locked": {
        "lastModified": 1766473571,
        "narHash": "sha256-5G1NDO2PulBx1RoaA6U1YoUDX0qZslpPxv+n5GX6Qto=",
        "owner": "NixOS",
        "repo": "nixpkgs",
        "rev": "76701a179d3a98b07653e2b0409847499b2a07d3",
        "type": "github"
      },
      "original": {
        "owner": "NixOS",
        "ref": "nixos-25.11",
        "repo": "nixpkgs",
        "type": "github"
      }
    },
    "nixpkgs-unstable": {
      "locked": {
        "lastModified": 1743583204,
        "narHash": "sha256-F7n4+KOIfWrwoQjXrL2wD9RhFYLs2/GGe/MQY1sSdlE=",
        "owner": "NixOS",
        "repo": "nixpkgs",
        "rev": "2c8d3f48d33929642c1c12cd243df4cc7d2ce434",
        "type": "github"
      },
      "original": {
        "owner": "NixOS",
        "ref": "nixos-unstable",
        "repo": "nixpkgs",
        "type": "github"
      }
    },
    "nixpkgs-unstable_2": {
      "locked": {
        "lastModified": 1770197578,
        "narHash": "sha256-AYqlWrX09+HvGs8zM6ebZ1pwUqjkfpnv8mewYwAo+iM=",
        "owner": "NixOS",
        "repo": "nixpkgs",
        "rev": "00c21e4c93d963c50d4c0c89bfa84ed6e0694df2",
        "type": "github"
      },
      "original": {
        "owner": "NixOS",
        "ref": "nixos-unstable",
        "repo": "nixpkgs",
        "type": "github"
      }
    },
    "pre-commit": {
      "inputs": {
        "flake-compat": "flake-compat",
        "gitignore": "gitignore",
        "nixpkgs": [
          "lanzaboote",
          "nixpkgs"
        ]
      },
      "locked": {
        "lastModified": 1769939035,
        "narHash": "sha256-Fok2AmefgVA0+eprw2NDwqKkPGEI5wvR+twiZagBvrg=",
        "owner": "cachix",
        "repo": "pre-commit-hooks.nix",
        "rev": "a8ca480175326551d6c4121498316261cbb5b260",
        "type": "github"
      },
      "original": {
        "owner": "cachix",
        "repo": "pre-commit-hooks.nix",
        "type": "github"
      }
    },
    "reading-desk": {
      "inputs": {
        "advisory-db": "advisory-db_3",
        "crane": "crane_4",
        "flake-parts": "flake-parts_6",
        "nixpkgs": [
          "toylet-notes",
          "nixpkgs"
        ]
      },
      "locked": {
        "lastModified": 1769900244,
        "narHash": "sha256-qZXwx8m3tjInA3EVaFAwnvJyFPvcX/Shq6wU328CmHI=",
        "owner": "breakds",
        "repo": "reading-desk",
        "rev": "93024c3640bdd11426a70df4ae9a835bee82ff4d",
        "type": "github"
      },
      "original": {
        "owner": "breakds",
        "repo": "reading-desk",
        "type": "github"
      }
    },
    "root": {
      "inputs": {
        "beancounting": "beancounting",
        "flake-parts": "flake-parts",
        "game-solutions": "game-solutions",
        "home-manager": "home-manager",
        "interm": "interm",
        "lanzaboote": "lanzaboote",
        "ml-pkgs": "ml-pkgs_3",
        "muxwarden": "muxwarden",
        "nixos-hardware": "nixos-hardware",
        "nixos-home": "nixos-home",
        "nixpkgs": "nixpkgs",
        "nixpkgs-unstable": "nixpkgs-unstable_2",
        "stt-server": "stt-server",
        "toylet-notes": "toylet-notes",
        "wonder-devops": "wonder-devops",
        "www-breakds-org": "www-breakds-org",
        "www-psynk-ai": "www-psynk-ai"
      }
    },
    "rust-overlay": {
      "inputs": {
        "nixpkgs": [
          "lanzaboote",
          "nixpkgs"
        ]
      },
      "locked": {
        "lastModified": 1770001842,
        "narHash": "sha256-ZAyTeILfdWwDp1nuF0RK3McBduMi49qnJvrS+3Ezpac=",
        "owner": "oxalica",
        "repo": "rust-overlay",
        "rev": "5018343419ea808f8a413241381976b7e60951f2",
        "type": "github"
      },
      "original": {
        "owner": "oxalica",
        "repo": "rust-overlay",
        "type": "github"
      }
    },
    "stt-server": {
      "inputs": {
        "advisory-db": "advisory-db_2",
        "crane": "crane_3",
        "flake-parts": "flake-parts_5",
        "ml-pkgs": [
          "ml-pkgs"
        ],
        "nixpkgs": [
          "nixpkgs-unstable"
        ]
      },
      "locked": {
        "lastModified": 1767739360,
        "narHash": "sha256-MFLJoSW+EsKzBugfh19fllVKjiqdiyb9yFOnMv7VSso=",
        "owner": "breakds",
        "repo": "stt-server",
        "rev": "55f6e52236cd84f59c39da0c645ba036b06b48f5",
        "type": "github"
      },
      "original": {
        "owner": "breakds",
        "repo": "stt-server",
        "type": "github"
      }
    },
    "systems": {
      "locked": {
        "lastModified": 1681028828,
        "narHash": "sha256-Vy1rq5AaRuLzOxct8nz4T6wlgyUR7zLU309k9mBC768=",
        "owner": "nix-systems",
        "repo": "default",
        "rev": "da67096a3b9bf56a91d16901293e51ba5b49a27e",
        "type": "github"
      },
      "original": {
        "owner": "nix-systems",
        "repo": "default",
        "type": "github"
      }
    },
    "systems_2": {
      "locked": {
        "lastModified": 1681028828,
        "narHash": "sha256-Vy1rq5AaRuLzOxct8nz4T6wlgyUR7zLU309k9mBC768=",
        "owner": "nix-systems",
        "repo": "default",
        "rev": "da67096a3b9bf56a91d16901293e51ba5b49a27e",
        "type": "github"
      },
      "original": {
        "owner": "nix-systems",
        "repo": "default",
        "type": "github"
      }
    },
    "systems_3": {
      "locked": {
        "lastModified": 1681028828,
        "narHash": "sha256-Vy1rq5AaRuLzOxct8nz4T6wlgyUR7zLU309k9mBC768=",
        "owner": "nix-systems",
        "repo": "default",
        "rev": "da67096a3b9bf56a91d16901293e51ba5b49a27e",
        "type": "github"
      },
      "original": {
        "owner": "nix-systems",
        "repo": "default",
        "type": "github"
      }
    },
    "toylet-notes": {
      "inputs": {
        "flake-parts": [
          "flake-parts"
        ],
        "nixpkgs": [
          "nixpkgs-unstable"
        ],
        "reading-desk": "reading-desk"
      },
      "locked": {
        "lastModified": 1769902815,
        "narHash": "sha256-NKqaJGQrKuxlowOZikKJH8aPyyZSBk4RDqoa5tOao8s=",
        "owner": "breakds",
        "repo": "toylet-notes",
        "rev": "c67058c340de9402c48ac719d63a7dba0547af11",
        "type": "github"
      },
      "original": {
        "owner": "breakds",
        "repo": "toylet-notes",
        "type": "github"
      }
    },
    "utils": {
      "inputs": {
        "systems": "systems"
      },
      "locked": {
        "lastModified": 1710146030,
        "narHash": "sha256-SZ5L6eA7HJ/nmkzGG7/ISclqe6oZdOZTNoesiInkXPQ=",
        "owner": "numtide",
        "repo": "flake-utils",
        "rev": "b1d9ab70662946ef0850d488da1c9019f3a9752a",
        "type": "github"
      },
      "original": {
        "owner": "numtide",
        "repo": "flake-utils",
        "type": "github"
      }
    },
    "utils_2": {
      "inputs": {
        "systems": "systems_2"
      },
      "locked": {
        "lastModified": 1694529238,
        "narHash": "sha256-zsNZZGTGnMOf9YpHKJqMSsa0dXbfmxeoJ7xHlrt+xmY=",
        "owner": "numtide",
        "repo": "flake-utils",
        "rev": "ff7b65b44d01cf9ba6a71320833626af21126384",
        "type": "github"
      },
      "original": {
        "owner": "numtide",
        "repo": "flake-utils",
        "type": "github"
      }
    },
    "utils_3": {
      "inputs": {
        "systems": "systems_3"
      },
      "locked": {
        "lastModified": 1710146030,
        "narHash": "sha256-SZ5L6eA7HJ/nmkzGG7/ISclqe6oZdOZTNoesiInkXPQ=",
        "owner": "numtide",
        "repo": "flake-utils",
        "rev": "b1d9ab70662946ef0850d488da1c9019f3a9752a",
        "type": "github"
      },
      "original": {
        "owner": "numtide",
        "repo": "flake-utils",
        "type": "github"
      }
    },
    "wonder-devops": {
      "inputs": {
        "flake-utils": "flake-utils",
        "nixpkgs": [
          "nixpkgs"
        ]
      },
      "locked": {
        "lastModified": 1672223683,
        "narHash": "sha256-2m8z3Vb+KXibep3olNCy+yr3+SHDe+QhD4IVeYE61O0=",
        "ref": "refs/heads/master",
        "rev": "fc324a724b00bac5ceed98134296433519d4fa77",
        "revCount": 506,
        "type": "git",
        "url": "ssh://git@github.com/quant-wonderland/devops-tools"
      },
      "original": {
        "type": "git",
        "url": "ssh://git@github.com/quant-wonderland/devops-tools"
      }
    },
    "www-breakds-org": {
      "inputs": {
        "nixpkgs": [
          "nixpkgs"
        ],
        "utils": "utils_3"
      },
      "locked": {
        "lastModified": 1724584698,
        "narHash": "sha256-29/hAVsMpwEzkilr9CCUZb2NXBAghEo92QTAuzbi3G8=",
        "owner": "breakds",
        "repo": "www.breakds.org",
        "rev": "2ca12e346f1da12051c9144047b571f51588ea1d",
        "type": "github"
      },
      "original": {
        "owner": "breakds",
        "repo": "www.breakds.org",
        "type": "github"
      }
    },
    "www-psynk-ai": {
      "inputs": {
        "flake-parts": [
          "flake-parts"
        ],
        "nixpkgs": [
          "nixpkgs-unstable"
        ]
      },
      "locked": {
        "lastModified": 1767720675,
        "narHash": "sha256-2Dnjqb5JxLsv/0bnIwmm9FD+NIIN1H5T7+i6TdFll0M=",
        "ref": "refs/heads/main",
        "rev": "addbb6d65979e0e91793bd9e13d94c46355d03a2",
        "revCount": 65,
        "type": "git",
        "url": "ssh://git@github.com/psynk-ai/www.psynk.ai"
      },
      "original": {
        "type": "git",
        "url": "ssh://git@github.com/psynk-ai/www.psynk.ai"
      }
    }
  },
  "root": "root",
  "version": 7
}
