{
  "nodes": {
    "chiafan-workforce": {
      "inputs": {
        "flake-utils": "flake-utils",
        "nixpkgs": [
          "nixpkgs"
        ],
        "plotting-simulator": "plotting-simulator"
      },
      "locked": {
        "lastModified": 1620938758,
        "narHash": "sha256-ikGsJTLf8kt7eTmwtXvGkFx/bVXHb/mY1KPLwTCVLME=",
        "owner": "chiafan-org",
        "repo": "chiafan-workforce",
        "rev": "3808e7bd06427adfee14399a7f1270b2dc8a1889",
        "type": "github"
      },
      "original": {
        "owner": "chiafan-org",
        "repo": "chiafan-workforce",
        "rev": "3808e7bd06427adfee14399a7f1270b2dc8a1889",
        "type": "github"
      }
    },
    "flake-utils": {
      "locked": {
        "lastModified": 1619345332,
        "narHash": "sha256-qHnQkEp1uklKTpx3MvKtY6xzgcqXDsz5nLilbbuL+3A=",
        "owner": "numtide",
        "repo": "flake-utils",
        "rev": "2ebf2558e5bf978c7fb8ea927dfaed8fefab2e28",
        "type": "github"
      },
      "original": {
        "owner": "numtide",
        "repo": "flake-utils",
        "type": "github"
      }
    },
    "flake-utils_2": {
      "locked": {
        "lastModified": 1620759905,
        "narHash": "sha256-WiyWawrgmyN0EdmiHyG2V+fqReiVi8bM9cRdMaKQOFg=",
        "owner": "numtide",
        "repo": "flake-utils",
        "rev": "b543720b25df6ffdfcf9227afafc5b8c1fabfae8",
        "type": "github"
      },
      "original": {
        "owner": "numtide",
        "repo": "flake-utils",
        "type": "github"
      }
    },
    "flake-utils_3": {
      "locked": {
        "lastModified": 1614513358,
        "narHash": "sha256-LakhOx3S1dRjnh0b5Dg3mbZyH0ToC9I8Y2wKSkBaTzU=",
        "owner": "numtide",
        "repo": "flake-utils",
        "rev": "5466c5bbece17adaab2d82fae80b46e807611bf3",
        "type": "github"
      },
      "original": {
        "owner": "numtide",
        "repo": "flake-utils",
        "type": "github"
      }
    },
    "home-manager": {
      "inputs": {
        "nixpkgs": [
          "nixpkgs"
        ]
      },
      "locked": {
        "lastModified": 1612902587,
        "narHash": "sha256-VZ7Z1OMFf5ReObu3CCVBsC2DWloTYDjqW1onUKejVrE=",
        "owner": "nix-community",
        "repo": "home-manager",
        "rev": "209566c752c4428c7692c134731971193f06b37c",
        "type": "github"
      },
      "original": {
        "owner": "nix-community",
        "ref": "release-20.09",
        "repo": "home-manager",
        "type": "github"
      }
    },
    "nixos-home": {
      "inputs": {
        "home-manager": "home-manager",
        "nixpkgs": [
          "nixpkgs"
        ]
      },
      "locked": {
        "lastModified": 1618809755,
        "narHash": "sha256-HPmDlEZxXz3LoZXYltcO8arHh8U8ve2cuTJCRo/dBuE=",
        "owner": "breakds",
        "repo": "nixos-home",
        "rev": "a2c05fc7fcac090b756086eba8b0762178391c30",
        "type": "github"
      },
      "original": {
        "owner": "breakds",
        "repo": "nixos-home",
        "rev": "a2c05fc7fcac090b756086eba8b0762178391c30",
        "type": "github"
      }
    },
    "nixpkgs": {
      "locked": {
        "lastModified": 1620764783,
        "narHash": "sha256-b1jVyjyO79wf1J8vAtkwSwvwVC9QOrn0liMWrqdEzcQ=",
        "owner": "NixOS",
        "repo": "nixpkgs",
        "rev": "f34eb300b68ea66ef8a2dbc5eec3c86a8270e414",
        "type": "github"
      },
      "original": {
        "owner": "NixOS",
        "ref": "nixos-20.09",
        "repo": "nixpkgs",
        "type": "github"
      }
    },
    "nixpkgs_2": {
      "locked": {
        "lastModified": 1616863217,
        "narHash": "sha256-UI1iem5xpxePEmd3vtOeDZik3aBH1xGLkO1Tn694Fvw=",
        "owner": "NixOS",
        "repo": "nixpkgs",
        "rev": "dc2870a606a7a5a6aeb387ddab78e02cbe41924b",
        "type": "github"
      },
      "original": {
        "owner": "NixOS",
        "ref": "nixos-20.09",
        "repo": "nixpkgs",
        "type": "github"
      }
    },
    "nixpkgs_3": {
      "locked": {
        "lastModified": 1620942579,
        "narHash": "sha256-Mg+liMXvZ5pKpexvM8c4DNpLAt1NwgTfaqtoPIPk1ig=",
        "owner": "NixOS",
        "repo": "nixpkgs",
        "rev": "98352e54399b576d783ccfca595919e5ad1ae2b8",
        "type": "github"
      },
      "original": {
        "id": "nixpkgs",
        "type": "indirect"
      }
    },
    "plotting-simulator": {
      "inputs": {
        "flake-utils": "flake-utils_2",
        "nixpkgs": "nixpkgs"
      },
      "locked": {
        "lastModified": 1620927252,
        "narHash": "sha256-hTYlKS0ZNnR0DWmaxuVWxRxogbIYcIH1y5GbCxIC52M=",
        "owner": "chiafan-org",
        "repo": "plotting-simulator",
        "rev": "54c53c96c907b3e4102a35ca0bdfd6b94fabf00f",
        "type": "github"
      },
      "original": {
        "owner": "chiafan-org",
        "repo": "plotting-simulator",
        "type": "github"
      }
    },
    "root": {
      "inputs": {
        "chiafan-workforce": "chiafan-workforce",
        "nixos-home": "nixos-home",
        "nixpkgs": "nixpkgs_2",
        "vital-modules": "vital-modules"
      }
    },
    "vital-modules": {
      "inputs": {
        "nixpkgs": [
          "nixpkgs"
        ],
        "vitalpkgs": "vitalpkgs"
      },
      "locked": {
        "lastModified": 1620942928,
        "narHash": "sha256-AcwRpOZ1epvvwH8zTB/l+q5K4NCF68Rg+UWLyJFgHCc=",
        "owner": "nixvital",
        "repo": "vital-modules",
        "rev": "fac1ab14b2d53708afaba654bd8503fa9456659e",
        "type": "github"
      },
      "original": {
        "owner": "nixvital",
        "repo": "vital-modules",
        "rev": "fac1ab14b2d53708afaba654bd8503fa9456659e",
        "type": "github"
      }
    },
    "vitalpkgs": {
      "inputs": {
        "flake-utils": "flake-utils_3",
        "nixpkgs": "nixpkgs_3"
      },
      "locked": {
        "lastModified": 1620942267,
        "narHash": "sha256-GWmQfSnw27dGj9VEXg3g8IvXoK9KKCDeMjFb+tIXHIw=",
        "owner": "nixvital",
        "repo": "vitalpkgs",
        "rev": "524a2d704054fa04abcc12705c2b54a71a2a89ff",
        "type": "github"
      },
      "original": {
        "owner": "nixvital",
        "repo": "vitalpkgs",
        "rev": "524a2d704054fa04abcc12705c2b54a71a2a89ff",
        "type": "github"
      }
    }
  },
  "root": "root",
  "version": 7
}
