{
  "nodes": {
    "flake-utils": {
      "locked": {
        "lastModified": 1620759905,
        "narHash": "sha256-WiyWawrgmyN0EdmiHyG2V+fqReiVi8bM9cRdMaKQOFg=",
        "owner": "numtide",
        "repo": "flake-utils",
        "rev": "b543720b25df6ffdfcf9227afafc5b8c1fabfae8",
        "type": "github"
      },
      "original": {
        "owner": "numtide",
        "repo": "flake-utils",
        "type": "github"
      }
    },
    "home-manager": {
      "inputs": {
        "nixpkgs": [
          "nixpkgs"
        ]
      },
      "locked": {
        "lastModified": 1624228557,
        "narHash": "sha256-wwOqe73BsrXfRv1PhyXQFNC8iTET50KvE/HitdkRgxs=",
        "owner": "nix-community",
        "repo": "home-manager",
        "rev": "35a24648d155843a4d162de98c17b1afd5db51e4",
        "type": "github"
      },
      "original": {
        "owner": "nix-community",
        "ref": "release-21.05",
        "repo": "home-manager",
        "type": "github"
      }
    },
    "nixos-home": {
      "inputs": {
        "home-manager": "home-manager",
        "nixpkgs": [
          "nixpkgs"
        ]
      },
      "locked": {
        "lastModified": 1624377407,
        "narHash": "sha256-GL8oD1moujh4EwTtvjmqKaVmea0wIusNjH3Vf1HZZ1U=",
        "owner": "breakds",
        "repo": "nixos-home",
        "rev": "dede9dce11c23c6865a6c38780ea4b693856533e",
        "type": "github"
      },
      "original": {
        "owner": "breakds",
        "repo": "nixos-home",
        "type": "github"
      }
    },
    "nixpkgs": {
      "locked": {
        "lastModified": 1624172050,
        "narHash": "sha256-sLQEhZ6Ffjx0J1AJxHQDY4y7XWKxI/Zgm/hQJjkjZ6M=",
        "owner": "NixOS",
        "repo": "nixpkgs",
        "rev": "6613a30c5e3ee59753181512b4bedd4121569925",
        "type": "github"
      },
      "original": {
        "owner": "NixOS",
        "ref": "nixos-21.05",
        "repo": "nixpkgs",
        "type": "github"
      }
    },
    "nixpkgs-unstable": {
      "locked": {
        "lastModified": 1622437901,
        "narHash": "sha256-ww6EcXDmOgJbx2DOGAW6PbIQK3K/WGCpFYW4yNyP/XM=",
        "owner": "NixOS",
        "repo": "nixpkgs",
        "rev": "f924460e91cba6473c5dc4b8ccb1a1cfc05bc2d7",
        "type": "github"
      },
      "original": {
        "owner": "NixOS",
        "repo": "nixpkgs",
        "rev": "f924460e91cba6473c5dc4b8ccb1a1cfc05bc2d7",
        "type": "github"
      }
    },
    "nixpkgs-unstable_2": {
      "locked": {
        "lastModified": 1622437901,
        "narHash": "sha256-ww6EcXDmOgJbx2DOGAW6PbIQK3K/WGCpFYW4yNyP/XM=",
        "owner": "NixOS",
        "repo": "nixpkgs",
        "rev": "f924460e91cba6473c5dc4b8ccb1a1cfc05bc2d7",
        "type": "github"
      },
      "original": {
        "owner": "NixOS",
        "repo": "nixpkgs",
        "rev": "f924460e91cba6473c5dc4b8ccb1a1cfc05bc2d7",
        "type": "github"
      }
    },
    "root": {
      "inputs": {
        "nixos-home": "nixos-home",
        "nixpkgs": "nixpkgs",
        "vital-modules": "vital-modules"
      }
    },
    "vital-modules": {
      "inputs": {
        "nixpkgs": [
          "nixpkgs"
        ],
        "nixpkgs-unstable": "nixpkgs-unstable",
        "vitalpkgs": "vitalpkgs"
      },
      "locked": {
        "lastModified": 1624379523,
        "narHash": "sha256-nUisuehEq9QK++Lovr6rDMXSdkAaPeRc8XYa7O8julA=",
        "owner": "nixvital",
        "repo": "vital-modules",
        "rev": "d5eb70e34f5b2c1b24dd929baee6914133d7fe04",
        "type": "github"
      },
      "original": {
        "owner": "nixvital",
        "repo": "vital-modules",
        "type": "github"
      }
    },
    "vitalpkgs": {
      "inputs": {
        "flake-utils": "flake-utils",
        "nixpkgs": [
          "nixpkgs"
        ],
        "nixpkgs-unstable": "nixpkgs-unstable_2"
      },
      "locked": {
        "lastModified": 1624379137,
        "narHash": "sha256-7PHIkXDQyshOZ2ZWAIIPU61MyimUwepQ7LO5z7SNP2o=",
        "owner": "nixvital",
        "repo": "vitalpkgs",
        "rev": "90396203572cace08be4353d0c59f1b29427120e",
        "type": "github"
      },
      "original": {
        "owner": "nixvital",
        "repo": "vitalpkgs",
        "type": "github"
      }
    }
  },
  "root": "root",
  "version": 7
}
