[[package]]
name = "bottle"
version = "0.12.21"
description = "Fast and simple WSGI-framework for small web-applications."
category = "main"
optional = false
python-versions = "*"

[[package]]
name = "click"
version = "8.1.3"
description = "Composable command line interface toolkit"
category = "main"
optional = false
python-versions = ">=3.7"

[package.dependencies]
colorama = {version = "*", markers = "platform_system == \"Windows\""}

[[package]]
name = "colorama"
version = "0.4.5"
description = "Cross-platform colored terminal text."
category = "main"
optional = false
python-versions = ">=2.7, !=3.0.*, !=3.1.*, !=3.2.*, !=3.3.*, !=3.4.*"

[[package]]
name = "loguru"
version = "0.6.0"
description = "Python logging made (stupidly) simple"
category = "main"
optional = false
python-versions = ">=3.5"

[package.dependencies]
colorama = {version = ">=0.3.4", markers = "sys_platform == \"win32\""}
win32-setctime = {version = ">=1.0.0", markers = "sys_platform == \"win32\""}

[package.extras]
dev = ["sphinx-rtd-theme (>=0.4.3)", "sphinx-autobuild (>=0.7.1)", "Sphinx (>=4.1.1)", "isort (>=5.1.1)", "black (>=19.10b0)", "pytest-cov (>=2.7.1)", "pytest (>=4.6.2)", "tox (>=3.9.0)", "flake8 (>=3.7.7)", "docutils (==0.16)", "colorama (>=0.3.4)"]

[[package]]
name = "pyperclip"
version = "1.8.2"
description = "A cross-platform clipboard module for Python. (Only handles plain text for now.)"
category = "main"
optional = false
python-versions = "*"

[[package]]
name = "win32-setctime"
version = "1.1.0"
description = "A small Python utility to set file creation time on Windows"
category = "main"
optional = false
python-versions = ">=3.5"

[package.extras]
dev = ["black (>=19.3b0)", "pytest (>=4.6.2)"]

[metadata]
lock-version = "1.1"
python-versions = "^3.9"
content-hash = "a09e2ed3e98dc31db7e08648bbd7d85205974dbaf231eeb882e8cd15f7382094"

[metadata.files]
bottle = []
click = []
colorama = []
loguru = []
pyperclip = []
win32-setctime = []
